
Microsoft Visual Studio Solution File, Format Version 12.00
# Visual Studio Express 2012 for Windows Desktop
Project("{FAE04EC0-301F-11D3-BF4B-00C04F79EFBC}") = "Tasks", "Tasks\Tasks.csproj", "{FDA3B78A-0464-4EAB-AF08-8E1B8B2A1CA4}"
EndProject
Project("{FAE04EC0-301F-11D3-BF4B-00C04F79EFBC}") = "TasksTests", "TasksTests\TasksTests.csproj", "{37DF8D4F-37F4-4AD3-9CF0-CCA620FE15EB}"
EndProject
Global
	GlobalSection(SolutionConfigurationPlatforms) = preSolution
		Debug|Any CPU = Debug|Any CPU
		Release|Any CPU = Release|Any CPU
	EndGlobalSection
	GlobalSection(ProjectConfigurationPlatforms) = postSolution
		{FDA3B78A-0464-4EAB-AF08-8E1B8B2A1CA4}.Debug|Any CPU.ActiveCfg = Debug|Any CPU
		{FDA3B78A-0464-4EAB-AF08-8E1B8B2A1CA4}.Debug|Any CPU.Build.0 = Debug|Any CPU
		{FDA3B78A-0464-4EAB-AF08-8E1B8B2A1CA4}.Release|Any CPU.ActiveCfg = Release|Any CPU
		{FDA3B78A-0464-4EAB-AF08-8E1B8B2A1CA4}.Release|Any CPU.Build.0 = Release|Any CPU
		{37DF8D4F-37F4-4AD3-9CF0-CCA620FE15EB}.Debug|Any CPU.ActiveCfg = Debug|Any CPU
		{37DF8D4F-37F4-4AD3-9CF0-CCA620FE15EB}.Debug|Any CPU.Build.0 = Debug|Any CPU
		{37DF8D4F-37F4-4AD3-9CF0-CCA620FE15EB}.Release|Any CPU.ActiveCfg = Release|Any CPU
		{37DF8D4F-37F4-4AD3-9CF0-CCA620FE15EB}.Release|Any CPU.Build.0 = Release|Any CPU
	EndGlobalSection
	GlobalSection(SolutionProperties) = preSolution
		HideSolutionNode = FALSE
	EndGlobalSection
EndGlobal
